
Microsoft Visual Studio Solution File, Format Version 12.00
# Visual Studio 15
VisualStudioVersion = 15.0.28307.168
MinimumVisualStudioVersion = 10.0.40219.1
Project("{FAE04EC0-301F-11D3-BF4B-00C04F79EFBC}") = "Library", "Library\Library.csproj", "{BFD83294-9C33-4831-ADFC-3E28D9E507BD}"
EndProject
Global
	GlobalSection(SolutionConfigurationPlatforms) = preSolution
		Debug|Any CPU = Debug|Any CPU
		Release|Any CPU = Release|Any CPU
	EndGlobalSection
	GlobalSection(ProjectConfigurationPlatforms) = postSolution
		{BFD83294-9C33-4831-ADFC-3E28D9E507BD}.Debug|Any CPU.ActiveCfg = Debug|Any CPU
		{BFD83294-9C33-4831-ADFC-3E28D9E507BD}.Debug|Any CPU.Build.0 = Debug|Any CPU
		{BFD83294-9C33-4831-ADFC-3E28D9E507BD}.Release|Any CPU.ActiveCfg = Release|Any CPU
		{BFD83294-9C33-4831-ADFC-3E28D9E507BD}.Release|Any CPU.Build.0 = Release|Any CPU
	EndGlobalSection
	GlobalSection(SolutionProperties) = preSolution
		HideSolutionNode = FALSE
	EndGlobalSection
	GlobalSection(ExtensibilityGlobals) = postSolution
		SolutionGuid = {DB1FA89C-EDAD-4734-9237-55D5E04AF3C5}
	EndGlobalSection
EndGlobal
